
Microsoft Visual Studio Solution File, Format Version 12.00
# Visual Studio Version 17
VisualStudioVersion = 17.5.33424.131
MinimumVisualStudioVersion = 10.0.40219.1
Project("{FAE04EC0-301F-11D3-BF4B-00C04F79EFBC}") = "WpfIbagens", "WpfIbagens\WpfIbagens.csproj", "{DFE9C122-8FC0-48FA-9799-A6CE6EF0375B}"
EndProject
Global
	GlobalSection(SolutionConfigurationPlatforms) = preSolution
		Debug|Any CPU = Debug|Any CPU
		Release|Any CPU = Release|Any CPU
	EndGlobalSection
	GlobalSection(ProjectConfigurationPlatforms) = postSolution
		{DFE9C122-8FC0-48FA-9799-A6CE6EF0375B}.Debug|Any CPU.ActiveCfg = Debug|Any CPU
		{DFE9C122-8FC0-48FA-9799-A6CE6EF0375B}.Debug|Any CPU.Build.0 = Debug|Any CPU
		{DFE9C122-8FC0-48FA-9799-A6CE6EF0375B}.Release|Any CPU.ActiveCfg = Release|Any CPU
		{DFE9C122-8FC0-48FA-9799-A6CE6EF0375B}.Release|Any CPU.Build.0 = Release|Any CPU
	EndGlobalSection
	GlobalSection(SolutionProperties) = preSolution
		HideSolutionNode = FALSE
	EndGlobalSection
	GlobalSection(ExtensibilityGlobals) = postSolution
		SolutionGuid = {458F456A-17C0-4BFE-837C-74D16E06BE87}
	EndGlobalSection
EndGlobal
